// !$*UTF8*$!
{
	archiveVersion = 1;
	classes = {
	};
	objectVersion = 50;
	objects = {

/* Begin PBXBuildFile section */
		B862F00D25AF7E3B00A31C6A /* AppDelegate.swift in Sources */ = {isa = PBXBuildFile; fileRef = B862F00C25AF7E3B00A31C6A /* AppDelegate.swift */; };
		B862F00F25AF7E3B00A31C6A /* SceneDelegate.swift in Sources */ = {isa = PBXBuildFile; fileRef = B862F00E25AF7E3B00A31C6A /* SceneDelegate.swift */; };
		B862F01125AF7E3B00A31C6A /* MainViewController.swift in Sources */ = {isa = PBXBuildFile; fileRef = B862F01025AF7E3B00A31C6A /* MainViewController.swift */; };
		B862F01425AF7E3B00A31C6A /* Main.storyboard in Resources */ = {isa = PBXBuildFile; fileRef = B862F01225AF7E3B00A31C6A /* Main.storyboard */; };
		B862F01625AF7E3F00A31C6A /* Assets.xcassets in Resources */ = {isa = PBXBuildFile; fileRef = B862F01525AF7E3F00A31C6A /* Assets.xcassets */; };
		B862F01925AF7E3F00A31C6A /* LaunchScreen.storyboard in Resources */ = {isa = PBXBuildFile; fileRef = B862F01725AF7E3F00A31C6A /* LaunchScreen.storyboard */; };
		B862F02325AF7F4600A31C6A /* RecipeDetailViewController.swift in Sources */ = {isa = PBXBuildFile; fileRef = B862F02225AF7F4600A31C6A /* RecipeDetailViewController.swift */; };
		B862F02725AF846D00A31C6A /* RecipeModel.swift in Sources */ = {isa = PBXBuildFile; fileRef = B862F02625AF846D00A31C6A /* RecipeModel.swift */; };
		B862F02A25AF8ADB00A31C6A /* Api.swift in Sources */ = {isa = PBXBuildFile; fileRef = B862F02925AF8ADB00A31C6A /* Api.swift */; };
/* End PBXBuildFile section */

/* Begin PBXFileReference section */
		B862F00925AF7E3B00A31C6A /* IDunnoWhatToEat-Swift.app */ = {isa = PBXFileReference; explicitFileType = wrapper.application; includeInIndex = 0; path = "IDunnoWhatToEat-Swift.app"; sourceTree = BUILT_PRODUCTS_DIR; };
		B862F00C25AF7E3B00A31C6A /* AppDelegate.swift */ = {isa = PBXFileReference; lastKnownFileType = sourcecode.swift; path = AppDelegate.swift; sourceTree = "<group>"; };
		B862F00E25AF7E3B00A31C6A /* SceneDelegate.swift */ = {isa = PBXFileReference; lastKnownFileType = sourcecode.swift; path = SceneDelegate.swift; sourceTree = "<group>"; };
		B862F01025AF7E3B00A31C6A /* MainViewController.swift */ = {isa = PBXFileReference; lastKnownFileType = sourcecode.swift; path = MainViewController.swift; sourceTree = "<group>"; };
		B862F01325AF7E3B00A31C6A /* Base */ = {isa = PBXFileReference; lastKnownFileType = file.storyboard; name = Base; path = Base.lproj/Main.storyboard; sourceTree = "<group>"; };
		B862F01525AF7E3F00A31C6A /* Assets.xcassets */ = {isa = PBXFileReference; lastKnownFileType = folder.assetcatalog; path = Assets.xcassets; sourceTree = "<group>"; };
		B862F01825AF7E3F00A31C6A /* Base */ = {isa = PBXFileReference; lastKnownFileType = file.storyboard; name = Base; path = Base.lproj/LaunchScreen.storyboard; sourceTree = "<group>"; };
		B862F01A25AF7E3F00A31C6A /* Info.plist */ = {isa = PBXFileReference; lastKnownFileType = text.plist.xml; path = Info.plist; sourceTree = "<group>"; };
		B862F02225AF7F4600A31C6A /* RecipeDetailViewController.swift */ = {isa = PBXFileReference; lastKnownFileType = sourcecode.swift; path = RecipeDetailViewController.swift; sourceTree = "<group>"; };
		B862F02625AF846D00A31C6A /* RecipeModel.swift */ = {isa = PBXFileReference; lastKnownFileType = sourcecode.swift; path = RecipeModel.swift; sourceTree = "<group>"; };
		B862F02925AF8ADB00A31C6A /* Api.swift */ = {isa = PBXFileReference; lastKnownFileType = sourcecode.swift; path = Api.swift; sourceTree = "<group>"; };
/* End PBXFileReference section */

/* Begin PBXFrameworksBuildPhase section */
		B862F00625AF7E3B00A31C6A /* Frameworks */ = {
			isa = PBXFrameworksBuildPhase;
			buildActionMask = 2147483647;
			files = (
			);
			runOnlyForDeploymentPostprocessing = 0;
		};
/* End PBXFrameworksBuildPhase section */

/* Begin PBXGroup section */
		B862F00025AF7E3B00A31C6A = {
			isa = PBXGroup;
			children = (
				B862F00B25AF7E3B00A31C6A /* IDunnoWhatToEat-Swift */,
				B862F00A25AF7E3B00A31C6A /* Products */,
			);
			sourceTree = "<group>";
		};
		B862F00A25AF7E3B00A31C6A /* Products */ = {
			isa = PBXGroup;
			children = (
				B862F00925AF7E3B00A31C6A /* IDunnoWhatToEat-Swift.app */,
			);
			name = Products;
			sourceTree = "<group>";
		};
		B862F00B25AF7E3B00A31C6A /* IDunnoWhatToEat-Swift */ = {
			isa = PBXGroup;
			children = (
				B862F00C25AF7E3B00A31C6A /* AppDelegate.swift */,
				B862F00E25AF7E3B00A31C6A /* SceneDelegate.swift */,
				B862F01025AF7E3B00A31C6A /* MainViewController.swift */,
				B862F02625AF846D00A31C6A /* RecipeModel.swift */,
				B862F02225AF7F4600A31C6A /* RecipeDetailViewController.swift */,
				B862F01225AF7E3B00A31C6A /* Main.storyboard */,
				B862F01525AF7E3F00A31C6A /* Assets.xcassets */,
				B862F01725AF7E3F00A31C6A /* LaunchScreen.storyboard */,
				B862F01A25AF7E3F00A31C6A /* Info.plist */,
				B862F02925AF8ADB00A31C6A /* Api.swift */,
			);
			path = "IDunnoWhatToEat-Swift";
			sourceTree = "<group>";
		};
/* End PBXGroup section */

/* Begin PBXNativeTarget section */
		B862F00825AF7E3B00A31C6A /* IDunnoWhatToEat-Swift */ = {
			isa = PBXNativeTarget;
			buildConfigurationList = B862F01D25AF7E3F00A31C6A /* Build configuration list for PBXNativeTarget "IDunnoWhatToEat-Swift" */;
			buildPhases = (
				B862F00525AF7E3B00A31C6A /* Sources */,
				B862F00625AF7E3B00A31C6A /* Frameworks */,
				B862F00725AF7E3B00A31C6A /* Resources */,
			);
			buildRules = (
			);
			dependencies = (
			);
			name = "IDunnoWhatToEat-Swift";
			productName = "IDunnoWhatToEat-Swift";
			productReference = B862F00925AF7E3B00A31C6A /* IDunnoWhatToEat-Swift.app */;
			productType = "com.apple.product-type.application";
		};
/* End PBXNativeTarget section */

/* Begin PBXProject section */
		B862F00125AF7E3B00A31C6A /* Project object */ = {
			isa = PBXProject;
			attributes = {
				LastSwiftUpdateCheck = 1230;
				LastUpgradeCheck = 1230;
				TargetAttributes = {
					B862F00825AF7E3B00A31C6A = {
						CreatedOnToolsVersion = 12.3;
					};
				};
			};
			buildConfigurationList = B862F00425AF7E3B00A31C6A /* Build configuration list for PBXProject "IDunnoWhatToEat-Swift" */;
			compatibilityVersion = "Xcode 9.3";
			developmentRegion = en;
			hasScannedForEncodings = 0;
			knownRegions = (
				en,
				Base,
			);
			mainGroup = B862F00025AF7E3B00A31C6A;
			productRefGroup = B862F00A25AF7E3B00A31C6A /* Products */;
			projectDirPath = "";
			projectRoot = "";
			targets = (
				B862F00825AF7E3B00A31C6A /* IDunnoWhatToEat-Swift */,
			);
		};
/* End PBXProject section */

/* Begin PBXResourcesBuildPhase section */
		B862F00725AF7E3B00A31C6A /* Resources */ = {
			isa = PBXResourcesBuildPhase;
			buildActionMask = 2147483647;
			files = (
				B862F01925AF7E3F00A31C6A /* LaunchScreen.storyboard in Resources */,
				B862F01625AF7E3F00A31C6A /* Assets.xcassets in Resources */,
				B862F01425AF7E3B00A31C6A /* Main.storyboard in Resources */,
			);
			runOnlyForDeploymentPostprocessing = 0;
		};
/* End PBXResourcesBuildPhase section */

/* Begin PBXSourcesBuildPhase section */
		B862F00525AF7E3B00A31C6A /* Sources */ = {
			isa = PBXSourcesBuildPhase;
			buildActionMask = 2147483647;
			files = (
				B862F02A25AF8ADB00A31C6A /* Api.swift in Sources */,
				B862F01125AF7E3B00A31C6A /* MainViewController.swift in Sources */,
				B862F00D25AF7E3B00A31C6A /* AppDelegate.swift in Sources */,
				B862F02725AF846D00A31C6A /* RecipeModel.swift in Sources */,
				B862F02325AF7F4600A31C6A /* RecipeDetailViewController.swift in Sources */,
				B862F00F25AF7E3B00A31C6A /* SceneDelegate.swift in Sources */,
			);
			runOnlyForDeploymentPostprocessing = 0;
		};
/* End PBXSourcesBuildPhase section */

/* Begin PBXVariantGroup section */
		B862F01225AF7E3B00A31C6A /* Main.storyboard */ = {
			isa = PBXVariantGroup;
			children = (
				B862F01325AF7E3B00A31C6A /* Base */,
			);
			name = Main.storyboard;
			sourceTree = "<group>";
		};
		B862F01725AF7E3F00A31C6A /* LaunchScreen.storyboard */ = {
			isa = PBXVariantGroup;
			children = (
				B862F01825AF7E3F00A31C6A /* Base */,
			);
			name = LaunchScreen.storyboard;
			sourceTree = "<group>";
		};
/* End PBXVariantGroup section */

/* Begin XCBuildConfiguration section */
		B862F01B25AF7E3F00A31C6A /* Debug */ = {
			isa = XCBuildConfiguration;
			buildSettings = {
				ALWAYS_SEARCH_USER_PATHS = NO;
				CLANG_ANALYZER_NONNULL = YES;
				CLANG_ANALYZER_NUMBER_OBJECT_CONVERSION = YES_AGGRESSIVE;
				CLANG_CXX_LANGUAGE_STANDARD = "gnu++14";
				CLANG_CXX_LIBRARY = "libc++";
				CLANG_ENABLE_MODULES = YES;
				CLANG_ENABLE_OBJC_ARC = YES;
				CLANG_ENABLE_OBJC_WEAK = YES;
				CLANG_WARN_BLOCK_CAPTURE_AUTORELEASING = YES;
				CLANG_WARN_BOOL_CONVERSION = YES;
				CLANG_WARN_COMMA = YES;
				CLANG_WARN_CONSTANT_CONVERSION = YES;
				CLANG_WARN_DEPRECATED_OBJC_IMPLEMENTATIONS = YES;
				CLANG_WARN_DIRECT_OBJC_ISA_USAGE = YES_ERROR;
				CLANG_WARN_DOCUMENTATION_COMMENTS = YES;
				CLANG_WARN_EMPTY_BODY = YES;
				CLANG_WARN_ENUM_CONVERSION = YES;
				CLANG_WARN_INFINITE_RECURSION = YES;
				CLANG_WARN_INT_CONVERSION = YES;
				CLANG_WARN_NON_LITERAL_NULL_CONVERSION = YES;
				CLANG_WARN_OBJC_IMPLICIT_RETAIN_SELF = YES;
				CLANG_WARN_OBJC_LITERAL_CONVERSION = YES;
				CLANG_WARN_OBJC_ROOT_CLASS = YES_ERROR;
				CLANG_WARN_QUOTED_INCLUDE_IN_FRAMEWORK_HEADER = YES;
				CLANG_WARN_RANGE_LOOP_ANALYSIS = YES;
				CLANG_WARN_STRICT_PROTOTYPES = YES;
				CLANG_WARN_SUSPICIOUS_MOVE = YES;
				CLANG_WARN_UNGUARDED_AVAILABILITY = YES_AGGRESSIVE;
				CLANG_WARN_UNREACHABLE_CODE = YES;
				CLANG_WARN__DUPLICATE_METHOD_MATCH = YES;
				COPY_PHASE_STRIP = NO;
				DEBUG_INFORMATION_FORMAT = dwarf;
				ENABLE_STRICT_OBJC_MSGSEND = YES;
				ENABLE_TESTABILITY = YES;
				GCC_C_LANGUAGE_STANDARD = gnu11;
				GCC_DYNAMIC_NO_PIC = NO;
				GCC_NO_COMMON_BLOCKS = YES;
				GCC_OPTIMIZATION_LEVEL = 0;
				GCC_PREPROCESSOR_DEFINITIONS = (
					"DEBUG=1",
					"$(inherited)",
				);
				GCC_WARN_64_TO_32_BIT_CONVERSION = YES;
				GCC_WARN_ABOUT_RETURN_TYPE = YES_ERROR;
				GCC_WARN_UNDECLARED_SELECTOR = YES;
				GCC_WARN_UNINITIALIZED_AUTOS = YES_AGGRESSIVE;
				GCC_WARN_UNUSED_FUNCTION = YES;
				GCC_WARN_UNUSED_VARIABLE = YES;
				IPHONEOS_DEPLOYMENT_TARGET = 14.3;
				MTL_ENABLE_DEBUG_INFO = INCLUDE_SOURCE;
				MTL_FAST_MATH = YES;
				ONLY_ACTIVE_ARCH = YES;
				SDKROOT = iphoneos;
				SWIFT_ACTIVE_COMPILATION_CONDITIONS = DEBUG;
				SWIFT_OPTIMIZATION_LEVEL = "-Onone";
			};
			name = Debug;
		};
		B862F01C25AF7E3F00A31C6A /* Release */ = {
			isa = XCBuildConfiguration;
			buildSettings = {
				ALWAYS_SEARCH_USER_PATHS = NO;
				CLANG_ANALYZER_NONNULL = YES;
				CLANG_ANALYZER_NUMBER_OBJECT_CONVERSION = YES_AGGRESSIVE;
				CLANG_CXX_LANGUAGE_STANDARD = "gnu++14";
				CLANG_CXX_LIBRARY = "libc++";
				CLANG_ENABLE_MODULES = YES;
				CLANG_ENABLE_OBJC_ARC = YES;
				CLANG_ENABLE_OBJC_WEAK = YES;
				CLANG_WARN_BLOCK_CAPTURE_AUTORELEASING = YES;
				CLANG_WARN_BOOL_CONVERSION = YES;
				CLANG_WARN_COMMA = YES;
				CLANG_WARN_CONSTANT_CONVERSION = YES;
				CLANG_WARN_DEPRECATED_OBJC_IMPLEMENTATIONS = YES;
				CLANG_WARN_DIRECT_OBJC_ISA_USAGE = YES_ERROR;
				CLANG_WARN_DOCUMENTATION_COMMENTS = YES;
				CLANG_WARN_EMPTY_BODY = YES;
				CLANG_WARN_ENUM_CONVERSION = YES;
				CLANG_WARN_INFINITE_RECURSION = YES;
				CLANG_WARN_INT_CONVERSION = YES;
				CLANG_WARN_NON_LITERAL_NULL_CONVERSION = YES;
				CLANG_WARN_OBJC_IMPLICIT_RETAIN_SELF = YES;
				CLANG_WARN_OBJC_LITERAL_CONVERSION = YES;
				CLANG_WARN_OBJC_ROOT_CLASS = YES_ERROR;
				CLANG_WARN_QUOTED_INCLUDE_IN_FRAMEWORK_HEADER = YES;
				CLANG_WARN_RANGE_LOOP_ANALYSIS = YES;
				CLANG_WARN_STRICT_PROTOTYPES = YES;
				CLANG_WARN_SUSPICIOUS_MOVE = YES;
				CLANG_WARN_UNGUARDED_AVAILABILITY = YES_AGGRESSIVE;
				CLANG_WARN_UNREACHABLE_CODE = YES;
				CLANG_WARN__DUPLICATE_METHOD_MATCH = YES;
				COPY_PHASE_STRIP = NO;
				DEBUG_INFORMATION_FORMAT = "dwarf-with-dsym";
				ENABLE_NS_ASSERTIONS = NO;
				ENABLE_STRICT_OBJC_MSGSEND = YES;
				GCC_C_LANGUAGE_STANDARD = gnu11;
				GCC_NO_COMMON_BLOCKS = YES;
				GCC_WARN_64_TO_32_BIT_CONVERSION = YES;
				GCC_WARN_ABOUT_RETURN_TYPE = YES_ERROR;
				GCC_WARN_UNDECLARED_SELECTOR = YES;
				GCC_WARN_UNINITIALIZED_AUTOS = YES_AGGRESSIVE;
				GCC_WARN_UNUSED_FUNCTION = YES;
				GCC_WARN_UNUSED_VARIABLE = YES;
				IPHONEOS_DEPLOYMENT_TARGET = 14.3;
				MTL_ENABLE_DEBUG_INFO = NO;
				MTL_FAST_MATH = YES;
				SDKROOT = iphoneos;
				SWIFT_COMPILATION_MODE = wholemodule;
				SWIFT_OPTIMIZATION_LEVEL = "-O";
				VALIDATE_PRODUCT = YES;
			};
			name = Release;
		};
		B862F01E25AF7E3F00A31C6A /* Debug */ = {
			isa = XCBuildConfiguration;
			buildSettings = {
				ASSETCATALOG_COMPILER_APPICON_NAME = AppIcon;
				ASSETCATALOG_COMPILER_GLOBAL_ACCENT_COLOR_NAME = AccentColor;
				CODE_SIGN_STYLE = Automatic;
				DEVELOPMENT_TEAM = JFTEHE2V9R;
				INFOPLIST_FILE = "IDunnoWhatToEat-Swift/Info.plist";
				LD_RUNPATH_SEARCH_PATHS = (
					"$(inherited)",
					"@executable_path/Frameworks",
				);
				PRODUCT_BUNDLE_IDENTIFIER = "com.looping.IDunnoWhatToEat-Swift";
				PRODUCT_NAME = "$(TARGET_NAME)";
				SWIFT_VERSION = 5.0;
				TARGETED_DEVICE_FAMILY = "1,2";
			};
			name = Debug;
		};
		B862F01F25AF7E3F00A31C6A /* Release */ = {
			isa = XCBuildConfiguration;
			buildSettings = {
				ASSETCATALOG_COMPILER_APPICON_NAME = AppIcon;
				ASSETCATALOG_COMPILER_GLOBAL_ACCENT_COLOR_NAME = AccentColor;
				CODE_SIGN_STYLE = Automatic;
				DEVELOPMENT_TEAM = JFTEHE2V9R;
				INFOPLIST_FILE = "IDunnoWhatToEat-Swift/Info.plist";
				LD_RUNPATH_SEARCH_PATHS = (
					"$(inherited)",
					"@executable_path/Frameworks",
				);
				PRODUCT_BUNDLE_IDENTIFIER = "com.looping.IDunnoWhatToEat-Swift";
				PRODUCT_NAME = "$(TARGET_NAME)";
				SWIFT_VERSION = 5.0;
				TARGETED_DEVICE_FAMILY = "1,2";
			};
			name = Release;
		};
/* End XCBuildConfiguration section */

/* Begin XCConfigurationList section */
		B862F00425AF7E3B00A31C6A /* Build configuration list for PBXProject "IDunnoWhatToEat-Swift" */ = {
			isa = XCConfigurationList;
			buildConfigurations = (
				B862F01B25AF7E3F00A31C6A /* Debug */,
				B862F01C25AF7E3F00A31C6A /* Release */,
			);
			defaultConfigurationIsVisible = 0;
			defaultConfigurationName = Release;
		};
		B862F01D25AF7E3F00A31C6A /* Build configuration list for PBXNativeTarget "IDunnoWhatToEat-Swift" */ = {
			isa = XCConfigurationList;
			buildConfigurations = (
				B862F01E25AF7E3F00A31C6A /* Debug */,
				B862F01F25AF7E3F00A31C6A /* Release */,
			);
			defaultConfigurationIsVisible = 0;
			defaultConfigurationName = Release;
		};
/* End XCConfigurationList section */
	};
	rootObject = B862F00125AF7E3B00A31C6A /* Project object */;
}
